
Microsoft Visual Studio Solution File, Format Version 12.00
# Visual Studio Version 16
VisualStudioVersion = 16.0.31402.337
MinimumVisualStudioVersion = 10.0.40219.1
Project("{FAE04EC0-301F-11D3-BF4B-00C04F79EFBC}") = "P04", "P04\P04.csproj", "{5127BCD3-A7C7-48AD-9D0C-1C2680F74A5C}"
EndProject
Global
	GlobalSection(SolutionConfigurationPlatforms) = preSolution
		Debug|Any CPU = Debug|Any CPU
		Release|Any CPU = Release|Any CPU
	EndGlobalSection
	GlobalSection(ProjectConfigurationPlatforms) = postSolution
		{5127BCD3-A7C7-48AD-9D0C-1C2680F74A5C}.Debug|Any CPU.ActiveCfg = Debug|Any CPU
		{5127BCD3-A7C7-48AD-9D0C-1C2680F74A5C}.Debug|Any CPU.Build.0 = Debug|Any CPU
		{5127BCD3-A7C7-48AD-9D0C-1C2680F74A5C}.Release|Any CPU.ActiveCfg = Release|Any CPU
		{5127BCD3-A7C7-48AD-9D0C-1C2680F74A5C}.Release|Any CPU.Build.0 = Release|Any CPU
	EndGlobalSection
	GlobalSection(SolutionProperties) = preSolution
		HideSolutionNode = FALSE
	EndGlobalSection
	GlobalSection(ExtensibilityGlobals) = postSolution
		SolutionGuid = {CD00BD82-4495-4767-A815-B6CFE3C0765C}
	EndGlobalSection
EndGlobal
